{
    "_meta": {
        "hash": {
            "sha256": "4e5ae59bf002d03b1c630b8853d03e32602400ed110a22b9a5cf25be579585e2"
        },
        "pipfile-spec": 6,
        "requires": {
            "python_full_version": "3.7.7"
        },
        "sources": [
            {
                "name": "pypi",
                "url": "https://pypi.org/simple",
                "verify_ssl": true
            }
        ]
    },
    "default": {
        "appdirs": {
            "hashes": [
                "sha256:7d5d0167b2b1ba821647616af46a749d1c653740dd0d2415100fe26e27afdf41",
                "sha256:a841dacd6b99318a741b166adb07e19ee71a274450e68237b4650ca1055ab128"
            ],
            "version": "==1.4.4"
        },
        "attrs": {
            "hashes": [
                "sha256:08a96c641c3a74e44eb59afb61a24f2cb9f4d7188748e76ba4bb5edfa3cb7d1c",
                "sha256:f7b7ce16570fe9965acd6d30101a28f62fb4a7f9e926b3bbc9b61f8b04247e72"
            ],
            "markers": "python_version >= '2.7' and python_version not in '3.0, 3.1, 3.2, 3.3'",
            "version": "==19.3.0"
        },
        "cached-property": {
            "hashes": [
                "sha256:3a026f1a54135677e7da5ce819b0c690f156f37976f3e30c5430740725203d7f",
                "sha256:9217a59f14a5682da7c4b8829deadbfc194ac22e9908ccf7c8820234e80a1504"
            ],
            "version": "==1.5.1"
        },
        "certifi": {
            "hashes": [
                "sha256:5ad7e9a056d25ffa5082862e36f119f7f7cec6457fa07ee2f8c339814b80c9b1",
                "sha256:9cd41137dc19af6a5e03b630eefe7d1f458d964d406342dd3edf625839b944cc"
            ],
            "version": "==2020.4.5.2"
        },
        "chardet": {
            "hashes": [
                "sha256:84ab92ed1c4d4f16916e05906b6b75a6c0fb5db821cc65e70cbd64a3e2a5eaae",
                "sha256:fc323ffcaeaed0e0a02bf4d117757b98aed530d9ed4531e3e15460124c106691"
            ],
            "version": "==3.0.4"
        },
        "defusedxml": {
            "hashes": [
                "sha256:6687150770438374ab581bb7a1b327a847dd9c5749e396102de3fad4e8a3ef93",
                "sha256:f684034d135af4c6cbb949b8a4d2ed61634515257a67299e5f940fbaa34377f5"
            ],
            "markers": "python_version >= '2.7' and python_version not in '3.0, 3.1, 3.2, 3.3, 3.4'",
            "version": "==0.6.0"
        },
        "grpcio": {
            "hashes": [
                "sha256:10cdc8946a7c2284bbc8e16d346eaa2beeaae86ea598f345df86d4ef7dfedb84",
                "sha256:23bc395a32c2465564cb242e48bdd2fdbe5a4aebf307649a800da1b971ee7f29",
                "sha256:2637ce96b7c954d2b71060f50eb4c72f81668f1b2faa6cbdc74677e405978901",
                "sha256:3d8c510b6eabce5192ce126003d74d7751c7218d3e2ad39fcf02400d7ec43abe",
                "sha256:5024b26e17a1bfc9390fb3b8077bf886eee02970af780fd23072970ef08cefe8",
                "sha256:517538a54afdd67162ea2af1ac3326c0752c5d13e6ddadbc4885f6a28e91ab28",
                "sha256:524ae8d3da61b856cf08abb3d0947df05402919e4be1f88328e0c1004031f72e",
                "sha256:54e4658c09084b09cd83a5ea3a8bce78e4031ff1010bb8908c399a22a76a6f08",
                "sha256:57c8cc2ae8cb94c3a89671af7e1380a4cdfcd6bab7ba303f4461ec32ded250ae",
                "sha256:5fd9ffe938e9225c654c60eb21ff011108cc27302db85200413807e0eda99a4a",
                "sha256:75b2247307a7ecaf6abc9eb2bd04af8f88816c111b87bf0044d7924396e9549c",
                "sha256:7bf3cb1e0f4a9c89f7b748583b994bdce183103d89d5ff486da48a7668a052c7",
                "sha256:7e02a7c40304eecee203f809a982732bd37fad4e798acad98fe73c66e44ff2db",
                "sha256:806c9759f5589b3761561187408e0313a35c5c53f075c7590effab8d27d67dfe",
                "sha256:80e9f9f6265149ca7c84e1c8c31c2cf3e2869c45776fbe8880a3133a11d6d290",
                "sha256:81bbf78a399e0ee516c81ddad8601f12af3fc9b30f2e4b2fbd64efd327304a4d",
                "sha256:886d48c32960b39e059494637eb0157a694956248d03b0de814447c188b74799",
                "sha256:97b72bf2242a351a89184134adbb0ae3b422e6893c6c712bc7669e2eab21501b",
                "sha256:97fcbdf1f12e0079d26db73da11ee35a09adc870b1e72fbff0211f6a8003a4e8",
                "sha256:9cfb4b71cc3c8757f137d47000f9d90d4bd818733f9ab4f78bd447e052a4cb9a",
                "sha256:9ef0370bcf629ece4e7e37796e4604e2514b920669be2911fc3f9c163a73a57b",
                "sha256:a6dddb177b3cfa0cfe299fb9e07d6a3382cc79466bef48fe9c4326d5c5b1dcb8",
                "sha256:a97ea91e31863c9a3879684b5fb3c6ab4b17c5431787548fc9f52b9483ea9c25",
                "sha256:b49f243936b0f6ae8eb6adf88a1e54e736f1c6724a1bff6b591d105d708263ad",
                "sha256:b85f355fc24b68a6c52f2750e7141110d1fcd07dfdc9b282de0000550fe0511b",
                "sha256:c3a0ef12ee86f6e72db50e01c3dba7735a76d8c30104b9b0f7fd9d65ceb9d93f",
                "sha256:da0ca9b1089d00e39a8b83deec799a4e5c37ec1b44d804495424acde50531868",
                "sha256:e90f3d11185c36593186e5ff1f581acc6ddfa4190f145b0366e579de1f52803b",
                "sha256:ebf0ccb782027ef9e213e03b6d00bbd8dabd80959db7d468c0738e6d94b5204c",
                "sha256:eede3039c3998e2cc0f6713f4ac70f235bd32967c9b958a17bf937aceebc12c3",
                "sha256:ff7931241351521b8df01d7448800ce0d59364321d8d82c49b826d455678ff08"
            ],
            "index": "pypi",
            "version": "==1.29.0"
        },
        "grpcio-reflection": {
            "hashes": [
                "sha256:2f92bc73b313382cc64ca2e9c68d21b48c8fc201e816a4dcab80a836df4e594d"
            ],
            "index": "pypi",
            "version": "==1.29.0"
        },
        "idna": {
            "hashes": [
                "sha256:7588d1c14ae4c77d74036e8c22ff447b26d0fde8f007354fd48a7814db15b7cb",
                "sha256:a068a21ceac8a4d63dbfd964670474107f541babbd2250d61922f029858365fa"
            ],
            "markers": "python_version >= '2.7' and python_version not in '3.0, 3.1, 3.2, 3.3'",
            "version": "==2.9"
        },
        "isodate": {
            "hashes": [
                "sha256:2e364a3d5759479cdb2d37cce6b9376ea504db2ff90252a2e5b7cc89cc9ff2d8",
                "sha256:aa4d33c06640f5352aca96e4b81afd8ab3b47337cc12089822d6f322ac772c81"
            ],
            "version": "==0.6.0"
        },
        "lxml": {
            "hashes": [
                "sha256:06748c7192eab0f48e3d35a7adae609a329c6257495d5e53878003660dc0fec6",
                "sha256:0790ddca3f825dd914978c94c2545dbea5f56f008b050e835403714babe62a5f",
                "sha256:1aa7a6197c1cdd65d974f3e4953764eee3d9c7b67e3966616b41fab7f8f516b7",
                "sha256:22c6d34fdb0e65d5f782a4d1a1edb52e0a8365858dafb1c08cb1d16546cf0786",
                "sha256:2754d4406438c83144f9ffd3628bbe2dcc6d62b20dbc5c1ec4bc4385e5d44b42",
                "sha256:27ee0faf8077c7c1a589573b1450743011117f1aa1a91d5ae776bbc5ca6070f2",
                "sha256:2b02c106709466a93ed424454ce4c970791c486d5fcdf52b0d822a7e29789626",
                "sha256:2d1ddce96cf15f1254a68dba6935e6e0f1fe39247de631c115e84dd404a6f031",
                "sha256:4f282737d187ae723b2633856085c31ae5d4d432968b7f3f478a48a54835f5c4",
                "sha256:51bb4edeb36d24ec97eb3e6a6007be128b720114f9a875d6b370317d62ac80b9",
                "sha256:7eee37c1b9815e6505847aa5e68f192e8a1b730c5c7ead39ff317fde9ce29448",
                "sha256:7fd88cb91a470b383aafad554c3fe1ccf6dfb2456ff0e84b95335d582a799804",
                "sha256:9144ce36ca0824b29ebc2e02ca186e54040ebb224292072250467190fb613b96",
                "sha256:925baf6ff1ef2c45169f548cc85204433e061360bfa7d01e1be7ae38bef73194",
                "sha256:a636346c6c0e1092ffc202d97ec1843a75937d8c98aaf6771348ad6422e44bb0",
                "sha256:a87dbee7ad9dce3aaefada2081843caf08a44a8f52e03e0a4cc5819f8398f2f4",
                "sha256:a9e3b8011388e7e373565daa5e92f6c9cb844790dc18e43073212bb3e76f7007",
                "sha256:afb53edf1046599991fb4a7d03e601ab5f5422a5435c47ee6ba91ec3b61416a6",
                "sha256:b26719890c79a1dae7d53acac5f089d66fd8cc68a81f4e4bd355e45470dc25e1",
                "sha256:b7462cdab6fffcda853338e1741ce99706cdf880d921b5a769202ea7b94e8528",
                "sha256:b77975465234ff49fdad871c08aa747aae06f5e5be62866595057c43f8d2f62c",
                "sha256:c47a8a5d00060122ca5908909478abce7bbf62d812e3fc35c6c802df8fb01fe7",
                "sha256:c79e5debbe092e3c93ca4aee44c9a7631bdd407b2871cb541b979fd350bbbc29",
                "sha256:d8d40e0121ca1606aa9e78c28a3a7d88a05c06b3ca61630242cded87d8ce55fa",
                "sha256:ee2be8b8f72a2772e72ab926a3bccebf47bb727bda41ae070dc91d1fb759b726",
                "sha256:f95d28193c3863132b1f55c1056036bf580b5a488d908f7d22a04ace8935a3a9",
                "sha256:fadd2a63a2bfd7fb604508e553d1cf68eca250b2fbdbd81213b5f6f2fbf23529"
            ],
            "markers": "python_version >= '2.7' and python_version not in '3.0, 3.1, 3.2, 3.3, 3.4'",
            "version": "==4.5.1"
        },
        "protobuf": {
            "hashes": [
                "sha256:304e08440c4a41a0f3592d2a38934aad6919d692bb0edfb355548786728f9a5e",
                "sha256:49ef8ab4c27812a89a76fa894fe7a08f42f2147078392c0dee51d4a444ef6df5",
                "sha256:50b5fee674878b14baea73b4568dc478c46a31dd50157a5b5d2f71138243b1a9",
                "sha256:5524c7020eb1fb7319472cb75c4c3206ef18b34d6034d2ee420a60f99cddeb07",
                "sha256:612bc97e42b22af10ba25e4140963fbaa4c5181487d163f4eb55b0b15b3dfcd2",
                "sha256:6f349adabf1c004aba53f7b4633459f8ca8a09654bf7e69b509c95a454755776",
                "sha256:85b94d2653b0fdf6d879e39d51018bf5ccd86c81c04e18a98e9888694b98226f",
                "sha256:87535dc2d2ef007b9d44e309d2b8ea27a03d2fa09556a72364d706fcb7090828",
                "sha256:a7ab28a8f1f043c58d157bceb64f80e4d2f7f1b934bc7ff5e7f7a55a337ea8b0",
                "sha256:a96f8fc625e9ff568838e556f6f6ae8eca8b4837cdfb3f90efcb7c00e342a2eb",
                "sha256:b5a114ea9b7fc90c2cc4867a866512672a47f66b154c6d7ee7e48ddb68b68122",
                "sha256:be04fe14ceed7f8641e30f36077c1a654ff6f17d0c7a5283b699d057d150d82a",
                "sha256:bff02030bab8b969f4de597543e55bd05e968567acb25c0a87495a31eb09e925",
                "sha256:c9ca9f76805e5a637605f171f6c4772fc4a81eced4e2f708f79c75166a2c99ea",
                "sha256:e1464a4a2cf12f58f662c8e6421772c07947266293fb701cb39cd9c1e183f63c",
                "sha256:e72736dd822748b0721f41f9aaaf6a5b6d5cfc78f6c8690263aef8bba4457f0e",
                "sha256:eafe9fa19fcefef424ee089fb01ac7177ff3691af7cc2ae8791ae523eb6ca907",
                "sha256:f4b73736108a416c76c17a8a09bc73af3d91edaa26c682aaa460ef91a47168d3"
            ],
            "index": "pypi",
            "version": "==3.12.2"
        },
        "pytz": {
            "hashes": [
                "sha256:a494d53b6d39c3c6e44c3bec237336e14305e4f29bbf800b599253057fbb79ed",
                "sha256:c35965d010ce31b23eeb663ed3cc8c906275d6be1a34393a1d73a41febf4a048"
            ],
            "version": "==2020.1"
        },
        "requests": {
            "hashes": [
                "sha256:43999036bfa82904b6af1d99e4882b560e5e2c68e5c4b0aa03b655f3d7d73fee",
                "sha256:b3f43d496c6daba4493e7c431722aeb7dbc6288f52a6e04e7b6023b0247817e6"
            ],
            "markers": "python_version >= '2.7' and python_version not in '3.0, 3.1, 3.2, 3.3, 3.4'",
            "version": "==2.23.0"
        },
        "requests-toolbelt": {
            "hashes": [
                "sha256:380606e1d10dc85c3bd47bf5a6095f815ec007be7a8b69c878507068df059e6f",
                "sha256:968089d4584ad4ad7c171454f0a5c6dac23971e9472521ea3b6d49d610aa6fc0"
            ],
            "version": "==0.9.1"
        },
        "simplejson": {
            "hashes": [
                "sha256:0fe3994207485efb63d8f10a833ff31236ed27e3b23dadd0bf51c9900313f8f2",
                "sha256:17163e643dbf125bb552de17c826b0161c68c970335d270e174363d19e7ea882",
                "sha256:1d1e929cdd15151f3c0b2efe953b3281b2fd5ad5f234f77aca725f28486466f6",
                "sha256:1d346c2c1d7dd79c118f0cc7ec5a1c4127e0c8ffc83e7b13fc5709ff78c9bb84",
                "sha256:1ea59f570b9d4916ae5540a9181f9c978e16863383738b69a70363bc5e63c4cb",
                "sha256:1fbba86098bbfc1f85c5b69dc9a6d009055104354e0d9880bb00b692e30e0078",
                "sha256:229edb079d5dd81bf12da952d4d825bd68d1241381b37d3acf961b384c9934de",
                "sha256:22a7acb81968a7c64eba7526af2cf566e7e2ded1cb5c83f0906b17ff1540f866",
                "sha256:2b4b2b738b3b99819a17feaf118265d0753d5536049ea570b3c43b51c4701e81",
                "sha256:4cf91aab51b02b3327c9d51897960c554f00891f9b31abd8a2f50fd4a0071ce8",
                "sha256:4fd5f79590694ebff8dc980708e1c182d41ce1fda599a12189f0ca96bf41ad70",
                "sha256:5cfd495527f8b85ce21db806567de52d98f5078a8e9427b18e251c68bd573a26",
                "sha256:60aad424e47c5803276e332b2a861ed7a0d46560e8af53790c4c4fb3420c26c2",
                "sha256:7739940d68b200877a15a5ff5149e1599737d6dd55e302625650629350466418",
                "sha256:7cce4bac7e0d66f3a080b80212c2238e063211fe327f98d764c6acbc214497fc",
                "sha256:8027bd5f1e633eb61b8239994e6fc3aba0346e76294beac22a892eb8faa92ba1",
                "sha256:86afc5b5cbd42d706efd33f280fec7bd7e2772ef54e3f34cf6b30777cd19a614",
                "sha256:87d349517b572964350cc1adc5a31b493bbcee284505e81637d0174b2758ba17",
                "sha256:8de378d589eccbc75941e480b4d5b4db66f22e4232f87543b136b1f093fff342",
                "sha256:926bcbef9eb60e798eabda9cd0bbcb0fca70d2779aa0aa56845749d973eb7ad5",
                "sha256:9a126c3a91df5b1403e965ba63b304a50b53d8efc908a8c71545ed72535374a3",
                "sha256:ad8dd3454d0c65c0f92945ac86f7b9efb67fa2040ba1b0189540e984df904378",
                "sha256:d140e9376e7f73c1f9e0a8e3836caf5eec57bbafd99259d56979da05a6356388",
                "sha256:da00675e5e483ead345429d4f1374ab8b949fba4429d60e71ee9d030ced64037",
                "sha256:daaf4d11db982791be74b23ff4729af2c7da79316de0bebf880fa2d60bcc8c5a",
                "sha256:f4b64a1031acf33e281fd9052336d6dad4d35eee3404c95431c8c6bc7a9c0588",
                "sha256:fc046afda0ed8f5295212068266c92991ab1f4a50c6a7144b69364bdee4a0159",
                "sha256:fc9051d249dd5512e541f20330a74592f7a65b2d62e18122ca89bf71f94db748"
            ],
            "index": "pypi",
            "version": "==3.17.0"
        },
        "six": {
            "hashes": [
                "sha256:30639c035cdb23534cd4aa2dd52c3bf48f06e5f4a941509c8bafd8ce11080259",
                "sha256:8b74bedcbbbaca38ff6d7491d76f2b06b3592611af620f8426e82dddb04a5ced"
            ],
            "markers": "python_version >= '2.7' and python_version not in '3.0, 3.1, 3.2, 3.3'",
            "version": "==1.15.0"
        },
        "urllib3": {
            "hashes": [
                "sha256:3018294ebefce6572a474f0604c2021e33b3fd8006ecd11d62107a5d2a963527",
                "sha256:88206b0eb87e6d677d424843ac5209e3fb9d0190d0ee169599165ec25e9d9115"
            ],
            "markers": "python_version >= '2.7' and python_version not in '3.0, 3.1, 3.2, 3.3, 3.4' and python_version < '4'",
            "version": "==1.25.9"
        },
        "zeep": {
            "hashes": [
                "sha256:0e98669cfeb60756231ae185498f9ae21b30b2681786b8de58ed34c3b93e41dd",
                "sha256:59a4068ab3817b589ee21c6c34166c35baa8f2be7ad69f045d005076a29911c1"
            ],
            "index": "pypi",
            "version": "==3.4.0"
        }
    },
    "develop": {
        "grpcio": {
            "hashes": [
                "sha256:10cdc8946a7c2284bbc8e16d346eaa2beeaae86ea598f345df86d4ef7dfedb84",
                "sha256:23bc395a32c2465564cb242e48bdd2fdbe5a4aebf307649a800da1b971ee7f29",
                "sha256:2637ce96b7c954d2b71060f50eb4c72f81668f1b2faa6cbdc74677e405978901",
                "sha256:3d8c510b6eabce5192ce126003d74d7751c7218d3e2ad39fcf02400d7ec43abe",
                "sha256:5024b26e17a1bfc9390fb3b8077bf886eee02970af780fd23072970ef08cefe8",
                "sha256:517538a54afdd67162ea2af1ac3326c0752c5d13e6ddadbc4885f6a28e91ab28",
                "sha256:524ae8d3da61b856cf08abb3d0947df05402919e4be1f88328e0c1004031f72e",
                "sha256:54e4658c09084b09cd83a5ea3a8bce78e4031ff1010bb8908c399a22a76a6f08",
                "sha256:57c8cc2ae8cb94c3a89671af7e1380a4cdfcd6bab7ba303f4461ec32ded250ae",
                "sha256:5fd9ffe938e9225c654c60eb21ff011108cc27302db85200413807e0eda99a4a",
                "sha256:75b2247307a7ecaf6abc9eb2bd04af8f88816c111b87bf0044d7924396e9549c",
                "sha256:7bf3cb1e0f4a9c89f7b748583b994bdce183103d89d5ff486da48a7668a052c7",
                "sha256:7e02a7c40304eecee203f809a982732bd37fad4e798acad98fe73c66e44ff2db",
                "sha256:806c9759f5589b3761561187408e0313a35c5c53f075c7590effab8d27d67dfe",
                "sha256:80e9f9f6265149ca7c84e1c8c31c2cf3e2869c45776fbe8880a3133a11d6d290",
                "sha256:81bbf78a399e0ee516c81ddad8601f12af3fc9b30f2e4b2fbd64efd327304a4d",
                "sha256:886d48c32960b39e059494637eb0157a694956248d03b0de814447c188b74799",
                "sha256:97b72bf2242a351a89184134adbb0ae3b422e6893c6c712bc7669e2eab21501b",
                "sha256:97fcbdf1f12e0079d26db73da11ee35a09adc870b1e72fbff0211f6a8003a4e8",
                "sha256:9cfb4b71cc3c8757f137d47000f9d90d4bd818733f9ab4f78bd447e052a4cb9a",
                "sha256:9ef0370bcf629ece4e7e37796e4604e2514b920669be2911fc3f9c163a73a57b",
                "sha256:a6dddb177b3cfa0cfe299fb9e07d6a3382cc79466bef48fe9c4326d5c5b1dcb8",
                "sha256:a97ea91e31863c9a3879684b5fb3c6ab4b17c5431787548fc9f52b9483ea9c25",
                "sha256:b49f243936b0f6ae8eb6adf88a1e54e736f1c6724a1bff6b591d105d708263ad",
                "sha256:b85f355fc24b68a6c52f2750e7141110d1fcd07dfdc9b282de0000550fe0511b",
                "sha256:c3a0ef12ee86f6e72db50e01c3dba7735a76d8c30104b9b0f7fd9d65ceb9d93f",
                "sha256:da0ca9b1089d00e39a8b83deec799a4e5c37ec1b44d804495424acde50531868",
                "sha256:e90f3d11185c36593186e5ff1f581acc6ddfa4190f145b0366e579de1f52803b",
                "sha256:ebf0ccb782027ef9e213e03b6d00bbd8dabd80959db7d468c0738e6d94b5204c",
                "sha256:eede3039c3998e2cc0f6713f4ac70f235bd32967c9b958a17bf937aceebc12c3",
                "sha256:ff7931241351521b8df01d7448800ce0d59364321d8d82c49b826d455678ff08"
            ],
            "index": "pypi",
            "version": "==1.29.0"
        },
        "grpcio-tools": {
            "hashes": [
                "sha256:05f214bc904c8e4ebf0240993a868895ff96184172243c0c61b323f6f029863d",
                "sha256:0f681c1ebd5472b804baa391b16dc59d92b065903999566f4776bfbd010bcec9",
                "sha256:1038b3d6cfd7206caf7c0a54ed06896e2aeb0a7d213a40d9000a70595e2fca21",
                "sha256:1626cd01a484f29cc9b33c3902851490149d40a550b92a382978571ca7e712cf",
                "sha256:1a606f2f5b23822e2e5271bf0df98c140ceed154ea6bf5c04ea85a37a0317771",
                "sha256:22d91ceb853f6846bcc23f15d8a936574eeb9fc7e8941bb8a1a5f8fcf4f566b2",
                "sha256:2a1f27a21d09e864cdfcff22265af86d9a548ea9a775e5d6a27d7abb71c3b5aa",
                "sha256:2a681ebfde0d83b70117cac745a97a3e5dc258fd817c1c1dd2bf99579b663a28",
                "sha256:2f1d80e3988d86477633fb39442a2310513d02fcc48881b359257a4be3cfd336",
                "sha256:38ab9e8afdf34289eab85ce2343c451c36837bf2521b927b30d9a845304abf4c",
                "sha256:47d13ddbbc2bd0e21a6109f74e731049b1d8738b5d0124580efca3721fe77fd2",
                "sha256:49dcf4c11ba2766d065c90a61eb1cefc55d5d094f93c1f66a4d98bfcbc5f740c",
                "sha256:56aade8ed52a6cca74a4703279aaae4aa2e2b87d0ccb5778f95d31267e74fc6b",
                "sha256:5beffd530b496866b8e8dc811e942815a6e637669350c1341b5972bb692465cc",
                "sha256:658e131e983f4c3bec2e096c3cc048e6420acad2b19fad82328c481088ce0d1a",
                "sha256:6eddefcd10f261d2aef6c122fb0651a53fcaee86e47d407492c9acf57107c91a",
                "sha256:78075ee7459001cf5c81b1f2e3f047b63d35ed018b9e15e3abeda59b70af0a4e",
                "sha256:7c52f68e864f60ed51ea59a3fd18d0989720bbf2e32d47b4096eba7b0b7f7086",
                "sha256:7e52c8ed5e0157ff85493f93540e3c897c7d97be03afc73230d1022ba7b80528",
                "sha256:8ffdcb1cbbc1bdfe249eb08c9fc6557b4f83b9f6145b5914bfd2973013d6dc1f",
                "sha256:9de112c090ab67e90b8c36eee5876278c8d037bf7c55052848886c1e8a2dd1c2",
                "sha256:afcb030067ba1b6c371a7bfd1ffd77375534144000d47d245ca77ebbd195901d",
                "sha256:b504e844e6f3610f279e0fba719052a73d5acc858a82d5a1151155b3c2304478",
                "sha256:b55346fa75df4b1581627022a2c79cfeb58cdaebf719cdbf63ff8ae6d7d7704b",
                "sha256:bab2a3d627f114091a758d8a7ae48af54bff717f84bb34538fed5114982e73a5",
                "sha256:c52bcc2e5e9d93b805e6f292e543cbabeb9a751dc9d4d451c39d4c30ee311142",
                "sha256:d89a43d14fb3043c1876e78d7ad5018c762b0ce51c199c588fa9142442546005",
                "sha256:f464d2efe04a46a17cf9493d67e6839aa535bb8a904cc6a2b588f1b156c9265d",
                "sha256:f672a606a59145bacc58cf4c4bb407f107abe1289f607c09e9224c99e897ed1a",
                "sha256:faf845f71fcb6cb5088429c676ae644116d56e5de41c639be4d7399bf71b9637",
                "sha256:fb9c46b8a0ee1a5990f29d891d6023cb92fdab9aed408194667df04f72e9caf6"
            ],
            "index": "pypi",
            "version": "==1.29.0"
        },
        "protobuf": {
            "hashes": [
                "sha256:304e08440c4a41a0f3592d2a38934aad6919d692bb0edfb355548786728f9a5e",
                "sha256:49ef8ab4c27812a89a76fa894fe7a08f42f2147078392c0dee51d4a444ef6df5",
                "sha256:50b5fee674878b14baea73b4568dc478c46a31dd50157a5b5d2f71138243b1a9",
                "sha256:5524c7020eb1fb7319472cb75c4c3206ef18b34d6034d2ee420a60f99cddeb07",
                "sha256:612bc97e42b22af10ba25e4140963fbaa4c5181487d163f4eb55b0b15b3dfcd2",
                "sha256:6f349adabf1c004aba53f7b4633459f8ca8a09654bf7e69b509c95a454755776",
                "sha256:85b94d2653b0fdf6d879e39d51018bf5ccd86c81c04e18a98e9888694b98226f",
                "sha256:87535dc2d2ef007b9d44e309d2b8ea27a03d2fa09556a72364d706fcb7090828",
                "sha256:a7ab28a8f1f043c58d157bceb64f80e4d2f7f1b934bc7ff5e7f7a55a337ea8b0",
                "sha256:a96f8fc625e9ff568838e556f6f6ae8eca8b4837cdfb3f90efcb7c00e342a2eb",
                "sha256:b5a114ea9b7fc90c2cc4867a866512672a47f66b154c6d7ee7e48ddb68b68122",
                "sha256:be04fe14ceed7f8641e30f36077c1a654ff6f17d0c7a5283b699d057d150d82a",
                "sha256:bff02030bab8b969f4de597543e55bd05e968567acb25c0a87495a31eb09e925",
                "sha256:c9ca9f76805e5a637605f171f6c4772fc4a81eced4e2f708f79c75166a2c99ea",
                "sha256:e1464a4a2cf12f58f662c8e6421772c07947266293fb701cb39cd9c1e183f63c",
                "sha256:e72736dd822748b0721f41f9aaaf6a5b6d5cfc78f6c8690263aef8bba4457f0e",
                "sha256:eafe9fa19fcefef424ee089fb01ac7177ff3691af7cc2ae8791ae523eb6ca907",
                "sha256:f4b73736108a416c76c17a8a09bc73af3d91edaa26c682aaa460ef91a47168d3"
            ],
            "index": "pypi",
            "version": "==3.12.2"
        },
        "six": {
            "hashes": [
                "sha256:30639c035cdb23534cd4aa2dd52c3bf48f06e5f4a941509c8bafd8ce11080259",
                "sha256:8b74bedcbbbaca38ff6d7491d76f2b06b3592611af620f8426e82dddb04a5ced"
            ],
            "markers": "python_version >= '2.7' and python_version not in '3.0, 3.1, 3.2, 3.3'",
            "version": "==1.15.0"
        },
        "yapf": {
            "hashes": [
                "sha256:3000abee4c28daebad55da6c85f3cd07b8062ce48e2e9943c8da1b9667d48427",
                "sha256:3abf61ba67cf603069710d30acbc88cfe565d907e16ad81429ae90ce9651e0c9"
            ],
            "index": "pypi",
            "version": "==0.30.0"
        }
    }
}
