{
    "_meta": {
        "hash": {
            "sha256": "dab1a32016c26eb42c74f5175cf476eed2abde2dfb7f8a7dad8d62cfb145638c"
        },
        "pipfile-spec": 6,
        "requires": {
            "python_version": "3.7"
        },
        "sources": [
            {
                "name": "pypi",
                "url": "https://pypi.org/simple",
                "verify_ssl": true
            }
        ]
    },
    "default": {
        "appdirs": {
            "hashes": [
                "sha256:9e5896d1372858f8dd3344faf4e5014d21849c756c8d5701f78f8a103b372d92",
                "sha256:d8b24664561d0d34ddfaec54636d502d7cea6e29c3eaf68f3df6180863e2166e"
            ],
            "version": "==1.4.3"
        },
        "attrs": {
            "hashes": [
                "sha256:08a96c641c3a74e44eb59afb61a24f2cb9f4d7188748e76ba4bb5edfa3cb7d1c",
                "sha256:f7b7ce16570fe9965acd6d30101a28f62fb4a7f9e926b3bbc9b61f8b04247e72"
            ],
            "version": "==19.3.0"
        },
        "cached-property": {
            "hashes": [
                "sha256:3a026f1a54135677e7da5ce819b0c690f156f37976f3e30c5430740725203d7f",
                "sha256:9217a59f14a5682da7c4b8829deadbfc194ac22e9908ccf7c8820234e80a1504"
            ],
            "version": "==1.5.1"
        },
        "certifi": {
            "hashes": [
                "sha256:017c25db2a153ce562900032d5bc68e9f191e44e9a0f762f373977de9df1fbb3",
                "sha256:25b64c7da4cd7479594d035c08c2d809eb4aab3a26e5a990ea98cc450c320f1f"
            ],
            "version": "==2019.11.28"
        },
        "chardet": {
            "hashes": [
                "sha256:84ab92ed1c4d4f16916e05906b6b75a6c0fb5db821cc65e70cbd64a3e2a5eaae",
                "sha256:fc323ffcaeaed0e0a02bf4d117757b98aed530d9ed4531e3e15460124c106691"
            ],
            "version": "==3.0.4"
        },
        "defusedxml": {
            "hashes": [
                "sha256:6687150770438374ab581bb7a1b327a847dd9c5749e396102de3fad4e8a3ef93",
                "sha256:f684034d135af4c6cbb949b8a4d2ed61634515257a67299e5f940fbaa34377f5"
            ],
            "version": "==0.6.0"
        },
        "idna": {
            "hashes": [
                "sha256:7588d1c14ae4c77d74036e8c22ff447b26d0fde8f007354fd48a7814db15b7cb",
                "sha256:a068a21ceac8a4d63dbfd964670474107f541babbd2250d61922f029858365fa"
            ],
            "version": "==2.9"
        },
        "isodate": {
            "hashes": [
                "sha256:2e364a3d5759479cdb2d37cce6b9376ea504db2ff90252a2e5b7cc89cc9ff2d8",
                "sha256:aa4d33c06640f5352aca96e4b81afd8ab3b47337cc12089822d6f322ac772c81"
            ],
            "version": "==0.6.0"
        },
        "lxml": {
            "hashes": [
                "sha256:06d4e0bbb1d62e38ae6118406d7cdb4693a3fa34ee3762238bcb96c9e36a93cd",
                "sha256:0701f7965903a1c3f6f09328c1278ac0eee8f56f244e66af79cb224b7ef3801c",
                "sha256:1f2c4ec372bf1c4a2c7e4bb20845e8bcf8050365189d86806bad1e3ae473d081",
                "sha256:4235bc124fdcf611d02047d7034164897ade13046bda967768836629bc62784f",
                "sha256:5828c7f3e615f3975d48f40d4fe66e8a7b25f16b5e5705ffe1d22e43fb1f6261",
                "sha256:585c0869f75577ac7a8ff38d08f7aac9033da2c41c11352ebf86a04652758b7a",
                "sha256:5d467ce9c5d35b3bcc7172c06320dddb275fea6ac2037f72f0a4d7472035cea9",
                "sha256:63dbc21efd7e822c11d5ddbedbbb08cd11a41e0032e382a0fd59b0b08e405a3a",
                "sha256:7bc1b221e7867f2e7ff1933165c0cec7153dce93d0cdba6554b42a8beb687bdb",
                "sha256:8620ce80f50d023d414183bf90cc2576c2837b88e00bea3f33ad2630133bbb60",
                "sha256:8a0ebda56ebca1a83eb2d1ac266649b80af8dd4b4a3502b2c1e09ac2f88fe128",
                "sha256:90ed0e36455a81b25b7034038e40880189169c308a3df360861ad74da7b68c1a",
                "sha256:95e67224815ef86924fbc2b71a9dbd1f7262384bca4bc4793645794ac4200717",
                "sha256:afdb34b715daf814d1abea0317b6d672476b498472f1e5aacbadc34ebbc26e89",
                "sha256:b4b2c63cc7963aedd08a5f5a454c9f67251b1ac9e22fd9d72836206c42dc2a72",
                "sha256:d068f55bda3c2c3fcaec24bd083d9e2eede32c583faf084d6e4b9daaea77dde8",
                "sha256:d5b3c4b7edd2e770375a01139be11307f04341ec709cf724e0f26ebb1eef12c3",
                "sha256:deadf4df349d1dcd7b2853a2c8796593cc346600726eff680ed8ed11812382a7",
                "sha256:df533af6f88080419c5a604d0d63b2c33b1c0c4409aba7d0cb6de305147ea8c8",
                "sha256:e4aa948eb15018a657702fee0b9db47e908491c64d36b4a90f59a64741516e77",
                "sha256:e5d842c73e4ef6ed8c1bd77806bf84a7cb535f9c0cf9b2c74d02ebda310070e1",
                "sha256:ebec08091a22c2be870890913bdadd86fcd8e9f0f22bcb398abd3af914690c15",
                "sha256:edc15fcfd77395e24543be48871c251f38132bb834d9fdfdad756adb6ea37679",
                "sha256:f2b74784ed7e0bc2d02bd53e48ad6ba523c9b36c194260b7a5045071abbb1012",
                "sha256:fa071559f14bd1e92077b1b5f6c22cf09756c6de7139370249eb372854ce51e6",
                "sha256:fd52e796fee7171c4361d441796b64df1acfceb51f29e545e812f16d023c4bbc",
                "sha256:fe976a0f1ef09b3638778024ab9fb8cde3118f203364212c198f71341c0715ca"
            ],
            "version": "==4.5.0"
        },
        "pytz": {
            "hashes": [
                "sha256:1c557d7d0e871de1f5ccd5833f60fb2550652da6be2693c1e02300743d21500d",
                "sha256:b02c06db6cf09c12dd25137e563b31700d3b80fcc4ad23abb7a315f2789819be"
            ],
            "version": "==2019.3"
        },
        "requests": {
            "hashes": [
                "sha256:43999036bfa82904b6af1d99e4882b560e5e2c68e5c4b0aa03b655f3d7d73fee",
                "sha256:b3f43d496c6daba4493e7c431722aeb7dbc6288f52a6e04e7b6023b0247817e6"
            ],
            "version": "==2.23.0"
        },
        "requests-toolbelt": {
            "hashes": [
                "sha256:380606e1d10dc85c3bd47bf5a6095f815ec007be7a8b69c878507068df059e6f",
                "sha256:968089d4584ad4ad7c171454f0a5c6dac23971e9472521ea3b6d49d610aa6fc0"
            ],
            "version": "==0.9.1"
        },
        "simplejson": {
            "hashes": [
                "sha256:0fe3994207485efb63d8f10a833ff31236ed27e3b23dadd0bf51c9900313f8f2",
                "sha256:17163e643dbf125bb552de17c826b0161c68c970335d270e174363d19e7ea882",
                "sha256:1d1e929cdd15151f3c0b2efe953b3281b2fd5ad5f234f77aca725f28486466f6",
                "sha256:1ea59f570b9d4916ae5540a9181f9c978e16863383738b69a70363bc5e63c4cb",
                "sha256:22a7acb81968a7c64eba7526af2cf566e7e2ded1cb5c83f0906b17ff1540f866",
                "sha256:2b4b2b738b3b99819a17feaf118265d0753d5536049ea570b3c43b51c4701e81",
                "sha256:4cf91aab51b02b3327c9d51897960c554f00891f9b31abd8a2f50fd4a0071ce8",
                "sha256:7cce4bac7e0d66f3a080b80212c2238e063211fe327f98d764c6acbc214497fc",
                "sha256:8027bd5f1e633eb61b8239994e6fc3aba0346e76294beac22a892eb8faa92ba1",
                "sha256:86afc5b5cbd42d706efd33f280fec7bd7e2772ef54e3f34cf6b30777cd19a614",
                "sha256:87d349517b572964350cc1adc5a31b493bbcee284505e81637d0174b2758ba17",
                "sha256:926bcbef9eb60e798eabda9cd0bbcb0fca70d2779aa0aa56845749d973eb7ad5",
                "sha256:9a126c3a91df5b1403e965ba63b304a50b53d8efc908a8c71545ed72535374a3",
                "sha256:daaf4d11db982791be74b23ff4729af2c7da79316de0bebf880fa2d60bcc8c5a",
                "sha256:fc046afda0ed8f5295212068266c92991ab1f4a50c6a7144b69364bdee4a0159",
                "sha256:fc9051d249dd5512e541f20330a74592f7a65b2d62e18122ca89bf71f94db748"
            ],
            "index": "pypi",
            "version": "==3.17.0"
        },
        "six": {
            "hashes": [
                "sha256:236bdbdce46e6e6a3d61a337c0f8b763ca1e8717c03b369e87a7ec7ce1319c0a",
                "sha256:8f3cd2e254d8f793e7f3d6d9df77b92252b52637291d0f0da013c76ea2724b6c"
            ],
            "version": "==1.14.0"
        },
        "urllib3": {
            "hashes": [
                "sha256:2f3db8b19923a873b3e5256dc9c2dedfa883e33d87c690d9c7913e1f40673cdc",
                "sha256:87716c2d2a7121198ebcb7ce7cccf6ce5e9ba539041cfbaeecfb641dc0bf6acc"
            ],
            "version": "==1.25.8"
        },
        "zeep": {
            "hashes": [
                "sha256:0e98669cfeb60756231ae185498f9ae21b30b2681786b8de58ed34c3b93e41dd",
                "sha256:59a4068ab3817b589ee21c6c34166c35baa8f2be7ad69f045d005076a29911c1"
            ],
            "index": "pypi",
            "version": "==3.4.0"
        }
    },
    "develop": {}
}
